{
  "name": "backup-ts",
  "version": "1.0.0",
  "lockfileVersion": 1,
  "requires": true,
  "dependencies": {
    "@types/minipass": {
      "version": "2.2.0",
      "resolved": "https://registry.npmjs.org/@types/minipass/-/minipass-2.2.0.tgz",
      "integrity": "sha512-wuzZksN4w4kyfoOv/dlpov4NOunwutLA/q7uc00xU02ZyUY+aoM5PWIXEKBMnm0NHd4a+N71BMjq+x7+2Af1fg==",
      "requires": {
        "@types/node": "*"
      }
    },
    "@types/moment": {
      "version": "2.13.0",
      "resolved": "https://registry.npmjs.org/@types/moment/-/moment-2.13.0.tgz",
      "integrity": "sha1-YE69GJvDvDShVIaJQE5hoqSqyJY=",
      "requires": {
        "moment": "*"
      }
    },
    "@types/node": {
      "version": "14.6.0",
      "resolved": "https://registry.npmjs.org/@types/node/-/node-14.6.0.tgz",
      "integrity": "sha512-mikldZQitV94akrc4sCcSjtJfsTKt4p+e/s0AGscVA6XArQ9kFclP+ZiYUMnq987rc6QlYxXv/EivqlfSLxpKA=="
    },
    "@types/tar": {
      "version": "4.0.3",
      "resolved": "https://registry.npmjs.org/@types/tar/-/tar-4.0.3.tgz",
      "integrity": "sha512-Z7AVMMlkI8NTWF0qGhC4QIX0zkV/+y0J8x7b/RsHrN0310+YNjoJd8UrApCiGBCWtKjxS9QhNqLi2UJNToh5hA==",
      "requires": {
        "@types/minipass": "*",
        "@types/node": "*"
      }
    },
    "chownr": {
      "version": "2.0.0",
      "resolved": "https://registry.npmjs.org/chownr/-/chownr-2.0.0.tgz",
      "integrity": "sha512-bIomtDF5KGpdogkLd9VspvFzk9KfpyyGlS8YFVZl7TGPBHL5snIOnxeshwVgPteQ9b4Eydl+pVbIyE1DcvCWgQ=="
    },
    "fs-minipass": {
      "version": "2.1.0",
      "resolved": "https://registry.npmjs.org/fs-minipass/-/fs-minipass-2.1.0.tgz",
      "integrity": "sha512-V/JgOLFCS+R6Vcq0slCuaeWEdNC3ouDlJMNIsacH2VtALiu9mV4LPrHc5cDl8k5aw6J8jwgWWpiTo5RYhmIzvg==",
      "requires": {
        "minipass": "^3.0.0"
      }
    },
    "minipass": {
      "version": "3.1.3",
      "resolved": "https://registry.npmjs.org/minipass/-/minipass-3.1.3.tgz",
      "integrity": "sha512-Mgd2GdMVzY+x3IJ+oHnVM+KG3lA5c8tnabyJKmHSaG2kAGpudxuOf8ToDkhumF7UzME7DecbQE9uOZhNm7PuJg==",
      "requires": {
        "yallist": "^4.0.0"
      }
    },
    "minizlib": {
      "version": "2.1.2",
      "resolved": "https://registry.npmjs.org/minizlib/-/minizlib-2.1.2.tgz",
      "integrity": "sha512-bAxsR8BVfj60DWXHE3u30oHzfl4G7khkSuPW+qvpd7jFRHm7dLxOjUk1EHACJ/hxLY8phGJ0YhYHZo7jil7Qdg==",
      "requires": {
        "minipass": "^3.0.0",
        "yallist": "^4.0.0"
      }
    },
    "mkdirp": {
      "version": "1.0.4",
      "resolved": "https://registry.npmjs.org/mkdirp/-/mkdirp-1.0.4.tgz",
      "integrity": "sha512-vVqVZQyf3WLx2Shd0qJ9xuvqgAyKPLAiqITEtqW0oIUjzo3PePDd6fW9iFz30ef7Ysp/oiWqbhszeGWW2T6Gzw=="
    },
    "moment": {
      "version": "2.27.0",
      "resolved": "https://registry.npmjs.org/moment/-/moment-2.27.0.tgz",
      "integrity": "sha512-al0MUK7cpIcglMv3YF13qSgdAIqxHTO7brRtaz3DlSULbqfazqkc5kEjNrLDOM7fsjshoFIihnU8snrP7zUvhQ=="
    },
    "tar": {
      "version": "6.0.5",
      "resolved": "https://registry.npmjs.org/tar/-/tar-6.0.5.tgz",
      "integrity": "sha512-0b4HOimQHj9nXNEAA7zWwMM91Zhhba3pspja6sQbgTpynOJf+bkjBnfybNYzbpLbnwXnbyB4LOREvlyXLkCHSg==",
      "requires": {
        "chownr": "^2.0.0",
        "fs-minipass": "^2.0.0",
        "minipass": "^3.0.0",
        "minizlib": "^2.1.1",
        "mkdirp": "^1.0.3",
        "yallist": "^4.0.0"
      }
    },
    "yallist": {
      "version": "4.0.0",
      "resolved": "https://registry.npmjs.org/yallist/-/yallist-4.0.0.tgz",
      "integrity": "sha512-3wdGidZyq5PB084XLES5TpOSRA3wjXAlIWMhum2kRcv/41Sn2emQ0dycQW4uZXLejwKvg6EsvbdlVL+FYEct7A=="
    }
  }
}
